
Microsoft Visual Studio Solution File, Format Version 12.00
# Visual Studio Version 17
VisualStudioVersion = 17.13.35931.197 d17.13
MinimumVisualStudioVersion = 10.0.40219.1
Project("{FAE04EC0-301F-11D3-BF4B-00C04F79EFBC}") = "Function and exception handling", "Function and exception handling.csproj", "{0B4E3BD3-4B20-4CEE-A59C-E062DDAFBB1E}"
EndProject
Global
	GlobalSection(SolutionConfigurationPlatforms) = preSolution
		Debug|Any CPU = Debug|Any CPU
		Release|Any CPU = Release|Any CPU
	EndGlobalSection
	GlobalSection(ProjectConfigurationPlatforms) = postSolution
		{0B4E3BD3-4B20-4CEE-A59C-E062DDAFBB1E}.Debug|Any CPU.ActiveCfg = Debug|Any CPU
		{0B4E3BD3-4B20-4CEE-A59C-E062DDAFBB1E}.Debug|Any CPU.Build.0 = Debug|Any CPU
		{0B4E3BD3-4B20-4CEE-A59C-E062DDAFBB1E}.Release|Any CPU.ActiveCfg = Release|Any CPU
		{0B4E3BD3-4B20-4CEE-A59C-E062DDAFBB1E}.Release|Any CPU.Build.0 = Release|Any CPU
	EndGlobalSection
	GlobalSection(SolutionProperties) = preSolution
		HideSolutionNode = FALSE
	EndGlobalSection
	GlobalSection(ExtensibilityGlobals) = postSolution
		SolutionGuid = {091D8A01-B3C0-4710-8007-6783028B43AA}
	EndGlobalSection
EndGlobal
