
Microsoft Visual Studio Solution File, Format Version 12.00
# Visual Studio Version 17
VisualStudioVersion = 17.13.35931.197 d17.13
MinimumVisualStudioVersion = 10.0.40219.1
Project("{FAE04EC0-301F-11D3-BF4B-00C04F79EFBC}") = "ContactsDirectory", "ContactsDirectory.csproj", "{5B0A7478-6B0C-4D7C-89BC-2985B3FA0E72}"
EndProject
Global
	GlobalSection(SolutionConfigurationPlatforms) = preSolution
		Debug|Any CPU = Debug|Any CPU
		Release|Any CPU = Release|Any CPU
	EndGlobalSection
	GlobalSection(ProjectConfigurationPlatforms) = postSolution
		{5B0A7478-6B0C-4D7C-89BC-2985B3FA0E72}.Debug|Any CPU.ActiveCfg = Debug|Any CPU
		{5B0A7478-6B0C-4D7C-89BC-2985B3FA0E72}.Debug|Any CPU.Build.0 = Debug|Any CPU
		{5B0A7478-6B0C-4D7C-89BC-2985B3FA0E72}.Release|Any CPU.ActiveCfg = Release|Any CPU
		{5B0A7478-6B0C-4D7C-89BC-2985B3FA0E72}.Release|Any CPU.Build.0 = Release|Any CPU
	EndGlobalSection
	GlobalSection(SolutionProperties) = preSolution
		HideSolutionNode = FALSE
	EndGlobalSection
	GlobalSection(ExtensibilityGlobals) = postSolution
		SolutionGuid = {9EDB7393-9E22-4328-A1BE-C46F46FC83A6}
	EndGlobalSection
EndGlobal
